
Microsoft Visual Studio Solution File, Format Version 12.00
# Visual Studio Version 17
VisualStudioVersion = 17.3.32811.315
MinimumVisualStudioVersion = 10.0.40219.1
Project("{FAE04EC0-301F-11D3-BF4B-00C04F79EFBC}") = "Scalax_client", "Scalax_client.csproj", "{406F6A99-60B5-444D-9E08-5FB5EFF372E0}"
EndProject
Global
	GlobalSection(SolutionConfigurationPlatforms) = preSolution
		Debug|Any CPU = Debug|Any CPU
		Release|Any CPU = Release|Any CPU
	EndGlobalSection
	GlobalSection(ProjectConfigurationPlatforms) = postSolution
		{406F6A99-60B5-444D-9E08-5FB5EFF372E0}.Debug|Any CPU.ActiveCfg = Debug|Any CPU
		{406F6A99-60B5-444D-9E08-5FB5EFF372E0}.Debug|Any CPU.Build.0 = Debug|Any CPU
		{406F6A99-60B5-444D-9E08-5FB5EFF372E0}.Release|Any CPU.ActiveCfg = Release|Any CPU
		{406F6A99-60B5-444D-9E08-5FB5EFF372E0}.Release|Any CPU.Build.0 = Release|Any CPU
	EndGlobalSection
	GlobalSection(SolutionProperties) = preSolution
		HideSolutionNode = FALSE
	EndGlobalSection
	GlobalSection(ExtensibilityGlobals) = postSolution
		SolutionGuid = {4CBF0F52-7A46-40EA-A5B6-59B041AA7F96}
	EndGlobalSection
EndGlobal
